
Microsoft Visual Studio Solution File, Format Version 12.00
# Visual Studio 2012
Project("{FAE04EC0-301F-11D3-BF4B-00C04F79EFBC}") = "CecilHooker", "CecilHooker.csproj", "{0AE1F4DB-79F0-41F4-ACE5-50E980D4E10B}"
EndProject
Global
	GlobalSection(SolutionConfigurationPlatforms) = preSolution
		Debug|Any CPU = Debug|Any CPU
		Release|Any CPU = Release|Any CPU
	EndGlobalSection
	GlobalSection(ProjectConfigurationPlatforms) = postSolution
		{0AE1F4DB-79F0-41F4-ACE5-50E980D4E10B}.Debug|Any CPU.ActiveCfg = Debug|Any CPU
		{0AE1F4DB-79F0-41F4-ACE5-50E980D4E10B}.Debug|Any CPU.Build.0 = Debug|Any CPU
		{0AE1F4DB-79F0-41F4-ACE5-50E980D4E10B}.Release|Any CPU.ActiveCfg = Release|Any CPU
		{0AE1F4DB-79F0-41F4-ACE5-50E980D4E10B}.Release|Any CPU.Build.0 = Release|Any CPU
	EndGlobalSection
	GlobalSection(MonoDevelopProperties) = preSolution
		StartupItem = CecilHooker.csproj
	EndGlobalSection
EndGlobal
